
Microsoft Visual Studio Solution File, Format Version 12.00
# Visual Studio Version 16
VisualStudioVersion = 16.0.28809.33
MinimumVisualStudioVersion = 10.0.40219.1
Project("{9A19103F-16F7-4668-BE54-9A1E7A4F7556}") = "Amnesia.WebApi", "Amnesia.WebApi\Amnesia.WebApi.csproj", "{633E4ECA-FBD6-4429-B31D-E48E28486F2E}"
EndProject
Project("{9A19103F-16F7-4668-BE54-9A1E7A4F7556}") = "Amnesia.Application", "Amnesia.Application\Amnesia.Application.csproj", "{27916761-4719-4884-8C2C-7CB2B3570E8D}"
EndProject
Project("{9A19103F-16F7-4668-BE54-9A1E7A4F7556}") = "Amnesia.Domain", "Amnesia.Domain\Amnesia.Domain.csproj", "{15BAFA28-6540-4577-8C8B-FDD70DF215F4}"
EndProject
Project("{9A19103F-16F7-4668-BE54-9A1E7A4F7556}") = "Amnesia.Tests", "Amnesia.Tests\Amnesia.Tests.csproj", "{579B73A0-5424-4897-9D35-495D8CE1D2DC}"
EndProject
Project("{9A19103F-16F7-4668-BE54-9A1E7A4F7556}") = "Amnesia.Cryptography", "Amnesia.Cryptography\Amnesia.Cryptography.csproj", "{E22F0ED9-2C19-4AFD-9BA5-453DDE038AB7}"
EndProject
Project("{FAE04EC0-301F-11D3-BF4B-00C04F79EFBC}") = "Amnesia.Client", "Amnesia.Client\Amnesia.Client.csproj", "{8370DE8F-DE44-4220-9678-0145D09262AD}"
EndProject
Global
	GlobalSection(SolutionConfigurationPlatforms) = preSolution
		Debug|Any CPU = Debug|Any CPU
		Release|Any CPU = Release|Any CPU
	EndGlobalSection
	GlobalSection(ProjectConfigurationPlatforms) = postSolution
		{633E4ECA-FBD6-4429-B31D-E48E28486F2E}.Debug|Any CPU.ActiveCfg = Debug|Any CPU
		{633E4ECA-FBD6-4429-B31D-E48E28486F2E}.Debug|Any CPU.Build.0 = Debug|Any CPU
		{633E4ECA-FBD6-4429-B31D-E48E28486F2E}.Release|Any CPU.ActiveCfg = Release|Any CPU
		{633E4ECA-FBD6-4429-B31D-E48E28486F2E}.Release|Any CPU.Build.0 = Release|Any CPU
		{27916761-4719-4884-8C2C-7CB2B3570E8D}.Debug|Any CPU.ActiveCfg = Debug|Any CPU
		{27916761-4719-4884-8C2C-7CB2B3570E8D}.Debug|Any CPU.Build.0 = Debug|Any CPU
		{27916761-4719-4884-8C2C-7CB2B3570E8D}.Release|Any CPU.ActiveCfg = Release|Any CPU
		{27916761-4719-4884-8C2C-7CB2B3570E8D}.Release|Any CPU.Build.0 = Release|Any CPU
		{15BAFA28-6540-4577-8C8B-FDD70DF215F4}.Debug|Any CPU.ActiveCfg = Debug|Any CPU
		{15BAFA28-6540-4577-8C8B-FDD70DF215F4}.Debug|Any CPU.Build.0 = Debug|Any CPU
		{15BAFA28-6540-4577-8C8B-FDD70DF215F4}.Release|Any CPU.ActiveCfg = Release|Any CPU
		{15BAFA28-6540-4577-8C8B-FDD70DF215F4}.Release|Any CPU.Build.0 = Release|Any CPU
		{579B73A0-5424-4897-9D35-495D8CE1D2DC}.Debug|Any CPU.ActiveCfg = Debug|Any CPU
		{579B73A0-5424-4897-9D35-495D8CE1D2DC}.Debug|Any CPU.Build.0 = Debug|Any CPU
		{579B73A0-5424-4897-9D35-495D8CE1D2DC}.Release|Any CPU.ActiveCfg = Release|Any CPU
		{579B73A0-5424-4897-9D35-495D8CE1D2DC}.Release|Any CPU.Build.0 = Release|Any CPU
		{E22F0ED9-2C19-4AFD-9BA5-453DDE038AB7}.Debug|Any CPU.ActiveCfg = Debug|Any CPU
		{E22F0ED9-2C19-4AFD-9BA5-453DDE038AB7}.Debug|Any CPU.Build.0 = Debug|Any CPU
		{E22F0ED9-2C19-4AFD-9BA5-453DDE038AB7}.Release|Any CPU.ActiveCfg = Release|Any CPU
		{E22F0ED9-2C19-4AFD-9BA5-453DDE038AB7}.Release|Any CPU.Build.0 = Release|Any CPU
	EndGlobalSection
	GlobalSection(SolutionProperties) = preSolution
		HideSolutionNode = FALSE
	EndGlobalSection
	GlobalSection(ExtensibilityGlobals) = postSolution
		SolutionGuid = {52975D8B-97CE-4554-BFA2-B1CB6C115437}
	EndGlobalSection
EndGlobal
